
Microsoft Visual Studio Solution File, Format Version 12.00
# Visual Studio Version 17
VisualStudioVersion = 17.8.34227.203
MinimumVisualStudioVersion = 10.0.40219.1
Project("{9A19103F-16F7-4668-BE54-9A1E7A4F7556}") = "StringEnum", "StringEnum\StringEnum.csproj", "{16852C60-4960-423D-AF4F-970C97B8D482}"
EndProject
Project("{FAE04EC0-301F-11D3-BF4B-00C04F79EFBC}") = "StringEnum.Test", "..\StringEnum.Test\StringEnum.Test.csproj", "{2E6EE37A-CDDD-438A-8F19-41665B5D7773}"
EndProject
Global
	GlobalSection(SolutionConfigurationPlatforms) = preSolution
		Debug|Any CPU = Debug|Any CPU
		Release|Any CPU = Release|Any CPU
	EndGlobalSection
	GlobalSection(ProjectConfigurationPlatforms) = postSolution
		{16852C60-4960-423D-AF4F-970C97B8D482}.Debug|Any CPU.ActiveCfg = Debug|Any CPU
		{16852C60-4960-423D-AF4F-970C97B8D482}.Debug|Any CPU.Build.0 = Debug|Any CPU
		{16852C60-4960-423D-AF4F-970C97B8D482}.Release|Any CPU.ActiveCfg = Release|Any CPU
		{16852C60-4960-423D-AF4F-970C97B8D482}.Release|Any CPU.Build.0 = Release|Any CPU
		{2E6EE37A-CDDD-438A-8F19-41665B5D7773}.Debug|Any CPU.ActiveCfg = Debug|Any CPU
		{2E6EE37A-CDDD-438A-8F19-41665B5D7773}.Debug|Any CPU.Build.0 = Debug|Any CPU
		{2E6EE37A-CDDD-438A-8F19-41665B5D7773}.Release|Any CPU.ActiveCfg = Release|Any CPU
		{2E6EE37A-CDDD-438A-8F19-41665B5D7773}.Release|Any CPU.Build.0 = Release|Any CPU
	EndGlobalSection
	GlobalSection(SolutionProperties) = preSolution
		HideSolutionNode = FALSE
	EndGlobalSection
	GlobalSection(ExtensibilityGlobals) = postSolution
		SolutionGuid = {92BA8AC3-D493-4F0E-AC29-DEFF082D18B4}
	EndGlobalSection
EndGlobal
